// !$*UTF8*$!
{
	archiveVersion = 1;
	classes = {
	};
	objectVersion = 46;
	objects = {

/* Begin PBXBuildFile section */
		08162BE51DF508C7000725CC /* main.cpp in Sources */ = {isa = PBXBuildFile; fileRef = 08162BE41DF508C7000725CC /* main.cpp */; };
		08162BF51DF62AA4000725CC /* LinkedHashEntry.cpp in Sources */ = {isa = PBXBuildFile; fileRef = 08162BF31DF62AA4000725CC /* LinkedHashEntry.cpp */; };
		08162BF81DF62ABA000725CC /* HashMap.cpp in Sources */ = {isa = PBXBuildFile; fileRef = 08162BF61DF62ABA000725CC /* HashMap.cpp */; };
/* End PBXBuildFile section */

/* Begin PBXCopyFilesBuildPhase section */
		08162BDF1DF508C7000725CC /* CopyFiles */ = {
			isa = PBXCopyFilesBuildPhase;
			buildActionMask = 2147483647;
			dstPath = /usr/share/man/man1/;
			dstSubfolderSpec = 0;
			files = (
			);
			runOnlyForDeploymentPostprocessing = 1;
		};
/* End PBXCopyFilesBuildPhase section */

/* Begin PBXFileReference section */
		08162BE11DF508C7000725CC /* HashTableImp */ = {isa = PBXFileReference; explicitFileType = "compiled.mach-o.executable"; includeInIndex = 0; path = HashTableImp; sourceTree = BUILT_PRODUCTS_DIR; };
		08162BE41DF508C7000725CC /* main.cpp */ = {isa = PBXFileReference; lastKnownFileType = sourcecode.cpp.cpp; path = main.cpp; sourceTree = "<group>"; };
		08162BF31DF62AA4000725CC /* LinkedHashEntry.cpp */ = {isa = PBXFileReference; fileEncoding = 4; lastKnownFileType = sourcecode.cpp.cpp; path = LinkedHashEntry.cpp; sourceTree = "<group>"; };
		08162BF41DF62AA4000725CC /* LinkedHashEntry.hpp */ = {isa = PBXFileReference; fileEncoding = 4; lastKnownFileType = sourcecode.cpp.h; path = LinkedHashEntry.hpp; sourceTree = "<group>"; };
		08162BF61DF62ABA000725CC /* HashMap.cpp */ = {isa = PBXFileReference; fileEncoding = 4; lastKnownFileType = sourcecode.cpp.cpp; path = HashMap.cpp; sourceTree = "<group>"; };
		08162BF71DF62ABA000725CC /* HashMap.hpp */ = {isa = PBXFileReference; fileEncoding = 4; lastKnownFileType = sourcecode.cpp.h; path = HashMap.hpp; sourceTree = "<group>"; };
/* End PBXFileReference section */

/* Begin PBXFrameworksBuildPhase section */
		08162BDE1DF508C7000725CC /* Frameworks */ = {
			isa = PBXFrameworksBuildPhase;
			buildActionMask = 2147483647;
			files = (
			);
			runOnlyForDeploymentPostprocessing = 0;
		};
/* End PBXFrameworksBuildPhase section */

/* Begin PBXGroup section */
		08162BD81DF508C7000725CC = {
			isa = PBXGroup;
			children = (
				08162BE31DF508C7000725CC /* HashTableImp */,
				08162BE21DF508C7000725CC /* Products */,
			);
			sourceTree = "<group>";
		};
		08162BE21DF508C7000725CC /* Products */ = {
			isa = PBXGroup;
			children = (
				08162BE11DF508C7000725CC /* HashTableImp */,
			);
			name = Products;
			sourceTree = "<group>";
		};
		08162BE31DF508C7000725CC /* HashTableImp */ = {
			isa = PBXGroup;
			children = (
				08162BE41DF508C7000725CC /* main.cpp */,
				08162BF31DF62AA4000725CC /* LinkedHashEntry.cpp */,
				08162BF41DF62AA4000725CC /* LinkedHashEntry.hpp */,
				08162BF61DF62ABA000725CC /* HashMap.cpp */,
				08162BF71DF62ABA000725CC /* HashMap.hpp */,
			);
			path = HashTableImp;
			sourceTree = "<group>";
		};
/* End PBXGroup section */

/* Begin PBXNativeTarget section */
		08162BE01DF508C7000725CC /* HashTableImp */ = {
			isa = PBXNativeTarget;
			buildConfigurationList = 08162BE81DF508C7000725CC /* Build configuration list for PBXNativeTarget "HashTableImp" */;
			buildPhases = (
				08162BDD1DF508C7000725CC /* Sources */,
				08162BDE1DF508C7000725CC /* Frameworks */,
				08162BDF1DF508C7000725CC /* CopyFiles */,
			);
			buildRules = (
			);
			dependencies = (
			);
			name = HashTableImp;
			productName = HashTableImp;
			productReference = 08162BE11DF508C7000725CC /* HashTableImp */;
			productType = "com.apple.product-type.tool";
		};
/* End PBXNativeTarget section */

/* Begin PBXProject section */
		08162BD91DF508C7000725CC /* Project object */ = {
			isa = PBXProject;
			attributes = {
				LastUpgradeCheck = 0710;
				ORGANIZATIONNAME = "Aidan Sullivan";
				TargetAttributes = {
					08162BE01DF508C7000725CC = {
						CreatedOnToolsVersion = 7.1;
					};
				};
			};
			buildConfigurationList = 08162BDC1DF508C7000725CC /* Build configuration list for PBXProject "HashTableImp" */;
			compatibilityVersion = "Xcode 3.2";
			developmentRegion = English;
			hasScannedForEncodings = 0;
			knownRegions = (
				en,
			);
			mainGroup = 08162BD81DF508C7000725CC;
			productRefGroup = 08162BE21DF508C7000725CC /* Products */;
			projectDirPath = "";
			projectRoot = "";
			targets = (
				08162BE01DF508C7000725CC /* HashTableImp */,
			);
		};
/* End PBXProject section */

/* Begin PBXSourcesBuildPhase section */
		08162BDD1DF508C7000725CC /* Sources */ = {
			isa = PBXSourcesBuildPhase;
			buildActionMask = 2147483647;
			files = (
				08162BF81DF62ABA000725CC /* HashMap.cpp in Sources */,
				08162BE51DF508C7000725CC /* main.cpp in Sources */,
				08162BF51DF62AA4000725CC /* LinkedHashEntry.cpp in Sources */,
			);
			runOnlyForDeploymentPostprocessing = 0;
		};
/* End PBXSourcesBuildPhase section */

/* Begin XCBuildConfiguration section */
		08162BE61DF508C7000725CC /* Debug */ = {
			isa = XCBuildConfiguration;
			buildSettings = {
				ALWAYS_SEARCH_USER_PATHS = NO;
				CLANG_CXX_LANGUAGE_STANDARD = "gnu++0x";
				CLANG_CXX_LIBRARY = "libc++";
				CLANG_ENABLE_MODULES = YES;
				CLANG_ENABLE_OBJC_ARC = YES;
				CLANG_WARN_BOOL_CONVERSION = YES;
				CLANG_WARN_CONSTANT_CONVERSION = YES;
				CLANG_WARN_DIRECT_OBJC_ISA_USAGE = YES_ERROR;
				CLANG_WARN_EMPTY_BODY = YES;
				CLANG_WARN_ENUM_CONVERSION = YES;
				CLANG_WARN_INT_CONVERSION = YES;
				CLANG_WARN_OBJC_ROOT_CLASS = YES_ERROR;
				CLANG_WARN_UNREACHABLE_CODE = YES;
				CLANG_WARN__DUPLICATE_METHOD_MATCH = YES;
				CODE_SIGN_IDENTITY = "-";
				COPY_PHASE_STRIP = NO;
				DEBUG_INFORMATION_FORMAT = dwarf;
				ENABLE_STRICT_OBJC_MSGSEND = YES;
				ENABLE_TESTABILITY = YES;
				GCC_C_LANGUAGE_STANDARD = gnu99;
				GCC_DYNAMIC_NO_PIC = NO;
				GCC_NO_COMMON_BLOCKS = YES;
				GCC_OPTIMIZATION_LEVEL = 0;
				GCC_PREPROCESSOR_DEFINITIONS = (
					"DEBUG=1",
					"$(inherited)",
				);
				GCC_WARN_64_TO_32_BIT_CONVERSION = YES;
				GCC_WARN_ABOUT_RETURN_TYPE = YES_ERROR;
				GCC_WARN_UNDECLARED_SELECTOR = YES;
				GCC_WARN_UNINITIALIZED_AUTOS = YES_AGGRESSIVE;
				GCC_WARN_UNUSED_FUNCTION = YES;
				GCC_WARN_UNUSED_VARIABLE = YES;
				MACOSX_DEPLOYMENT_TARGET = 10.11;
				MTL_ENABLE_DEBUG_INFO = YES;
				ONLY_ACTIVE_ARCH = YES;
				SDKROOT = macosx;
			};
			name = Debug;
		};
		08162BE71DF508C7000725CC /* Release */ = {
			isa = XCBuildConfiguration;
			buildSettings = {
				ALWAYS_SEARCH_USER_PATHS = NO;
				CLANG_CXX_LANGUAGE_STANDARD = "gnu++0x";
				CLANG_CXX_LIBRARY = "libc++";
				CLANG_ENABLE_MODULES = YES;
				CLANG_ENABLE_OBJC_ARC = YES;
				CLANG_WARN_BOOL_CONVERSION = YES;
				CLANG_WARN_CONSTANT_CONVERSION = YES;
				CLANG_WARN_DIRECT_OBJC_ISA_USAGE = YES_ERROR;
				CLANG_WARN_EMPTY_BODY = YES;
				CLANG_WARN_ENUM_CONVERSION = YES;
				CLANG_WARN_INT_CONVERSION = YES;
				CLANG_WARN_OBJC_ROOT_CLASS = YES_ERROR;
				CLANG_WARN_UNREACHABLE_CODE = YES;
				CLANG_WARN__DUPLICATE_METHOD_MATCH = YES;
				CODE_SIGN_IDENTITY = "-";
				COPY_PHASE_STRIP = NO;
				DEBUG_INFORMATION_FORMAT = "dwarf-with-dsym";
				ENABLE_NS_ASSERTIONS = NO;
				ENABLE_STRICT_OBJC_MSGSEND = YES;
				GCC_C_LANGUAGE_STANDARD = gnu99;
				GCC_NO_COMMON_BLOCKS = YES;
				GCC_WARN_64_TO_32_BIT_CONVERSION = YES;
				GCC_WARN_ABOUT_RETURN_TYPE = YES_ERROR;
				GCC_WARN_UNDECLARED_SELECTOR = YES;
				GCC_WARN_UNINITIALIZED_AUTOS = YES_AGGRESSIVE;
				GCC_WARN_UNUSED_FUNCTION = YES;
				GCC_WARN_UNUSED_VARIABLE = YES;
				MACOSX_DEPLOYMENT_TARGET = 10.11;
				MTL_ENABLE_DEBUG_INFO = NO;
				SDKROOT = macosx;
			};
			name = Release;
		};
		08162BE91DF508C7000725CC /* Debug */ = {
			isa = XCBuildConfiguration;
			buildSettings = {
				PRODUCT_NAME = "$(TARGET_NAME)";
			};
			name = Debug;
		};
		08162BEA1DF508C7000725CC /* Release */ = {
			isa = XCBuildConfiguration;
			buildSettings = {
				PRODUCT_NAME = "$(TARGET_NAME)";
			};
			name = Release;
		};
/* End XCBuildConfiguration section */

/* Begin XCConfigurationList section */
		08162BDC1DF508C7000725CC /* Build configuration list for PBXProject "HashTableImp" */ = {
			isa = XCConfigurationList;
			buildConfigurations = (
				08162BE61DF508C7000725CC /* Debug */,
				08162BE71DF508C7000725CC /* Release */,
			);
			defaultConfigurationIsVisible = 0;
			defaultConfigurationName = Release;
		};
		08162BE81DF508C7000725CC /* Build configuration list for PBXNativeTarget "HashTableImp" */ = {
			isa = XCConfigurationList;
			buildConfigurations = (
				08162BE91DF508C7000725CC /* Debug */,
				08162BEA1DF508C7000725CC /* Release */,
			);
			defaultConfigurationIsVisible = 0;
			defaultConfigurationName = Release;
		};
/* End XCConfigurationList section */
	};
	rootObject = 08162BD91DF508C7000725CC /* Project object */;
}
